
Microsoft Visual Studio Solution File, Format Version 12.00
# Visual Studio Version 17
VisualStudioVersion = 17.14.36511.14
MinimumVisualStudioVersion = 10.0.40219.1
Project("{FAE04EC0-301F-11D3-BF4B-00C04F79EFBC}") = "Infrastructure", "Infrastructure\Infrastructure.csproj", "{5B9BC77F-306F-45E9-8A4F-07A355E59C72}"
EndProject
Project("{FAE04EC0-301F-11D3-BF4B-00C04F79EFBC}") = "Domain", "Domain\Domain.csproj", "{0480E325-294D-447C-B83F-5E44379DDACD}"
EndProject
Project("{FAE04EC0-301F-11D3-BF4B-00C04F79EFBC}") = "Application", "Application\Application.csproj", "{E57DABB4-D26B-451F-8A6C-2D32FF5B7B29}"
EndProject
Project("{FAE04EC0-301F-11D3-BF4B-00C04F79EFBC}") = "WebAPI", "WebAPI\WebAPI.csproj", "{575BB6D3-DF97-420C-884B-E43A2444D67D}"
EndProject
Project("{FAE04EC0-301F-11D3-BF4B-00C04F79EFBC}") = "Tests", "Tests\Tests.csproj", "{03D96CEA-1698-485D-8278-EBDFFEF2DD61}"
EndProject
Global
	GlobalSection(SolutionConfigurationPlatforms) = preSolution
		Debug|Any CPU = Debug|Any CPU
		Release|Any CPU = Release|Any CPU
	EndGlobalSection
	GlobalSection(ProjectConfigurationPlatforms) = postSolution
		{5B9BC77F-306F-45E9-8A4F-07A355E59C72}.Debug|Any CPU.ActiveCfg = Debug|Any CPU
		{5B9BC77F-306F-45E9-8A4F-07A355E59C72}.Debug|Any CPU.Build.0 = Debug|Any CPU
		{5B9BC77F-306F-45E9-8A4F-07A355E59C72}.Release|Any CPU.ActiveCfg = Release|Any CPU
		{5B9BC77F-306F-45E9-8A4F-07A355E59C72}.Release|Any CPU.Build.0 = Release|Any CPU
		{0480E325-294D-447C-B83F-5E44379DDACD}.Debug|Any CPU.ActiveCfg = Debug|Any CPU
		{0480E325-294D-447C-B83F-5E44379DDACD}.Debug|Any CPU.Build.0 = Debug|Any CPU
		{0480E325-294D-447C-B83F-5E44379DDACD}.Release|Any CPU.ActiveCfg = Release|Any CPU
		{0480E325-294D-447C-B83F-5E44379DDACD}.Release|Any CPU.Build.0 = Release|Any CPU
		{E57DABB4-D26B-451F-8A6C-2D32FF5B7B29}.Debug|Any CPU.ActiveCfg = Debug|Any CPU
		{E57DABB4-D26B-451F-8A6C-2D32FF5B7B29}.Debug|Any CPU.Build.0 = Debug|Any CPU
		{E57DABB4-D26B-451F-8A6C-2D32FF5B7B29}.Release|Any CPU.ActiveCfg = Release|Any CPU
		{E57DABB4-D26B-451F-8A6C-2D32FF5B7B29}.Release|Any CPU.Build.0 = Release|Any CPU
		{575BB6D3-DF97-420C-884B-E43A2444D67D}.Debug|Any CPU.ActiveCfg = Debug|Any CPU
		{575BB6D3-DF97-420C-884B-E43A2444D67D}.Debug|Any CPU.Build.0 = Debug|Any CPU
		{575BB6D3-DF97-420C-884B-E43A2444D67D}.Release|Any CPU.ActiveCfg = Release|Any CPU
		{575BB6D3-DF97-420C-884B-E43A2444D67D}.Release|Any CPU.Build.0 = Release|Any CPU
		{03D96CEA-1698-485D-8278-EBDFFEF2DD61}.Debug|Any CPU.ActiveCfg = Debug|Any CPU
		{03D96CEA-1698-485D-8278-EBDFFEF2DD61}.Debug|Any CPU.Build.0 = Debug|Any CPU
		{03D96CEA-1698-485D-8278-EBDFFEF2DD61}.Release|Any CPU.ActiveCfg = Release|Any CPU
		{03D96CEA-1698-485D-8278-EBDFFEF2DD61}.Release|Any CPU.Build.0 = Release|Any CPU
	EndGlobalSection
	GlobalSection(SolutionProperties) = preSolution
		HideSolutionNode = FALSE
	EndGlobalSection
	GlobalSection(ExtensibilityGlobals) = postSolution
		SolutionGuid = {F4BC3F6D-6F94-499A-9AD2-F02848320FD0}
	EndGlobalSection
EndGlobal
